
Microsoft Visual Studio Solution File, Format Version 12.00
# Visual Studio Version 17
VisualStudioVersion = 17.14.36301.6 d17.14
MinimumVisualStudioVersion = 10.0.40219.1
Project("{FAE04EC0-301F-11D3-BF4B-00C04F79EFBC}") = "PGDCP", "PGDCP.csproj", "{A521A040-E192-4D40-A9AC-9A2AC32C3C74}"
EndProject
Global
	GlobalSection(SolutionConfigurationPlatforms) = preSolution
		Debug|Any CPU = Debug|Any CPU
		Release|Any CPU = Release|Any CPU
	EndGlobalSection
	GlobalSection(ProjectConfigurationPlatforms) = postSolution
		{A521A040-E192-4D40-A9AC-9A2AC32C3C74}.Debug|Any CPU.ActiveCfg = Debug|Any CPU
		{A521A040-E192-4D40-A9AC-9A2AC32C3C74}.Debug|Any CPU.Build.0 = Debug|Any CPU
		{A521A040-E192-4D40-A9AC-9A2AC32C3C74}.Release|Any CPU.ActiveCfg = Release|Any CPU
		{A521A040-E192-4D40-A9AC-9A2AC32C3C74}.Release|Any CPU.Build.0 = Release|Any CPU
	EndGlobalSection
	GlobalSection(SolutionProperties) = preSolution
		HideSolutionNode = FALSE
	EndGlobalSection
	GlobalSection(ExtensibilityGlobals) = postSolution
		SolutionGuid = {9EDA0F7B-8709-4754-8EEA-D69436752401}
	EndGlobalSection
EndGlobal
